
Microsoft Visual Studio Solution File, Format Version 12.00
# Visual Studio Version 17
VisualStudioVersion = 17.5.002.0
MinimumVisualStudioVersion = 10.0.40219.1
Project("{9A19103F-16F7-4668-BE54-9A1E7A4F7556}") = "HotReloadableConfig", "HotReloadableConfig.csproj", "{F5BF6291-CF1F-444F-885F-2A1949DCF4A2}"
EndProject
Global
	GlobalSection(SolutionConfigurationPlatforms) = preSolution
		Debug|Any CPU = Debug|Any CPU
		Release|Any CPU = Release|Any CPU
	EndGlobalSection
	GlobalSection(ProjectConfigurationPlatforms) = postSolution
		{F5BF6291-CF1F-444F-885F-2A1949DCF4A2}.Debug|Any CPU.ActiveCfg = Debug|Any CPU
		{F5BF6291-CF1F-444F-885F-2A1949DCF4A2}.Debug|Any CPU.Build.0 = Debug|Any CPU
		{F5BF6291-CF1F-444F-885F-2A1949DCF4A2}.Release|Any CPU.ActiveCfg = Release|Any CPU
		{F5BF6291-CF1F-444F-885F-2A1949DCF4A2}.Release|Any CPU.Build.0 = Release|Any CPU
	EndGlobalSection
	GlobalSection(SolutionProperties) = preSolution
		HideSolutionNode = FALSE
	EndGlobalSection
	GlobalSection(ExtensibilityGlobals) = postSolution
		SolutionGuid = {880C5C07-A1E5-435D-B4AD-1426D5F00E7E}
	EndGlobalSection
EndGlobal
